{
  "awfVersion": "0.46.1",
  "schemaVersion": 50,
  "files": {
    ".awf/bootstrap.sh": {
      "templateId": "bootstrap/awf-bootstrap.sh.tmpl",
      "templateHash": "sha256:4fc6e03481f7b5d72843e3927e99c2dced933d60b2796d8e32acd5b9d44b65d2",
      "configHash": "sha256:e7c2f6878e4f77e863b4314ccb0780d5d5e8eb65e0f389b57930b02c813b6176",
      "outputHash": "sha256:29b15e81067e12fe454e4a94a0b3a3ddab85dcb56ef316b61b8732ba8bdbeebd"
    },
    ".awf/effort-archive/.gitignore": {
      "templateId": "effort-archive/gitignore.tmpl",
      "templateHash": "sha256:240a3e0d37d2e86b614063f5347eb02d4f99ca6c254de6b82871ff8d95532a7d",
      "configHash": "sha256:e7c2f6878e4f77e863b4314ccb0780d5d5e8eb65e0f389b57930b02c813b6176",
      "outputHash": "sha256:f3a59358883e776cdd1cabb8ec5c58b947842c761996f705ddf11abe9fe2ac47"
    },
    ".awf/efforts/.gitignore": {
      "templateId": "efforts/gitignore.tmpl",
      "templateHash": "sha256:240a3e0d37d2e86b614063f5347eb02d4f99ca6c254de6b82871ff8d95532a7d",
      "configHash": "sha256:e7c2f6878e4f77e863b4314ccb0780d5d5e8eb65e0f389b57930b02c813b6176",
      "outputHash": "sha256:f3a59358883e776cdd1cabb8ec5c58b947842c761996f705ddf11abe9fe2ac47"
    },
    ".awf/hooks/commit-msg.sh": {
      "templateId": "hooks/commit-msg.sh.tmpl",
      "templateHash": "sha256:c0f5052b5b75c3ab5072b0a8ad6fd70052442185f66757217526a88814a61270",
      "configHash": "sha256:e7c2f6878e4f77e863b4314ccb0780d5d5e8eb65e0f389b57930b02c813b6176",
      "outputHash": "sha256:37593cc138d03bd126b9a62c9295d47b8ba2efb9954416dfee34dd1495f38c69"
    },
    ".awf/hooks/pre-commit.sh": {
      "templateId": "hooks/pre-commit.sh.tmpl",
      "templateHash": "sha256:ff5a35817328aa7a51f1639253aa11e24625875dcda37fedb143fbdb83c468ae",
      "configHash": "sha256:df6d730750ef218701b762c89ad8db0c6828b5fa098d65fa699533602f3953e7",
      "outputHash": "sha256:fd0078545bbd027643ace2325ec88c0b444a9f1c4ca1428ab24271ff17b81327"
    },
    ".awf/hooks/pre-merge-commit.sh": {
      "templateId": "hooks/pre-merge-commit.sh.tmpl",
      "templateHash": "sha256:85896c1f97d5336d4c6e8f4355db6207be0d409e30333b3b3ecd1a707e5e60c2",
      "configHash": "sha256:d34499811c5a1683236e92bd8e2e6cae0d7667afaca21e30d10c150d948dff8e",
      "outputHash": "sha256:a3bccc986545ae3ef21d220509c64c727086832bd6948becd70d892bd2e09cec"
    },
    ".awf/hooks/pre-push.sh": {
      "templateId": "hooks/pre-push.sh.tmpl",
      "templateHash": "sha256:01dbf1d76438df045abb1b46b6aa097bab4d05ea40c1c93f4b84afe2848cde0a",
      "configHash": "sha256:a08d5e1b71dee53dbb7d856466961fa2e834f316466755d9c90d50f0ab7c8eda",
      "outputHash": "sha256:0ea27202eaa332826507be9d3082adc83684e581dc7c00b013e481f16acaeecd"
    },
    ".awf/hooks/reference-transaction.sh": {
      "templateId": "hooks/reference-transaction.sh.tmpl",
      "templateHash": "sha256:d72a8011d8d67b184c73ed758d273f0b5ee7431c64d5be0fcc40cacd75626312",
      "configHash": "sha256:2f1080ae364126762898664e5df5699a77362b3b608b4292d5d0745db2daff71",
      "outputHash": "sha256:e10b1f65d4fcf3226a322f52f6c3cc3a5bfccac571856a0b7d21ee7c5086acb8"
    },
    ".awf/upgrade.sh": {
      "templateId": "bootstrap/awf-upgrade.sh.tmpl",
      "templateHash": "sha256:e3ee8c735ad1a5ddfcc7dd60572da5dda18586b7cd6a486230cb605f5b871be6",
      "configHash": "sha256:e7c2f6878e4f77e863b4314ccb0780d5d5e8eb65e0f389b57930b02c813b6176",
      "outputHash": "sha256:a74ebb4ba9aef0566fc74d132bd111f83604b4a4a5e5ee9c94d09d2787761b7d"
    },
    ".awf/worktrees/.gitignore": {
      "templateId": "worktrees/gitignore.tmpl",
      "templateHash": "sha256:240a3e0d37d2e86b614063f5347eb02d4f99ca6c254de6b82871ff8d95532a7d",
      "configHash": "sha256:e7c2f6878e4f77e863b4314ccb0780d5d5e8eb65e0f389b57930b02c813b6176",
      "outputHash": "sha256:f3a59358883e776cdd1cabb8ec5c58b947842c761996f705ddf11abe9fe2ac47"
    },
    ".claude/agents/explorer.md": {
      "templateId": "agents/explorer.md.tmpl",
      "templateHash": "sha256:d7b7b34f1e92db91ae6e588e97c26269ba3faaf8f442beb30166f0091fa8f5b0",
      "configHash": "sha256:287252ea16f933f476f677ee308f96a589f48e504f0f9309fb4ee7318f7c60c4",
      "outputHash": "sha256:cedea4e4c43ec35cc508ce50a5c83ca62df751794f7aed0b33398ccd3e865d2b"
    },
    ".claude/agents/implementer.md": {
      "templateId": "agents/implementer.md.tmpl",
      "templateHash": "sha256:17d18c207a42cba1752e469fc7c53fe9b85f3bfd85d83afbace1172cf399c213",
      "configHash": "sha256:287252ea16f933f476f677ee308f96a589f48e504f0f9309fb4ee7318f7c60c4",
      "outputHash": "sha256:6eda9ee34506804985c4c63526ef9129156f113c8dcbecbabd63c16031b84bc7"
    },
    ".claude/agents/premise-checker.md": {
      "templateId": "agents/premise-checker.md.tmpl",
      "templateHash": "sha256:0a55e66e582f92170fd59c5e439fd27dfc580e9840a2fead5b32937c676a476c",
      "configHash": "sha256:287252ea16f933f476f677ee308f96a589f48e504f0f9309fb4ee7318f7c60c4",
      "outputHash": "sha256:719cb028326f82fb4dfc8e0607da4c84a2ec71df33bdd4c085d955c3221cd307"
    },
    ".claude/agents/reviewer.md": {
      "templateId": "agents/reviewer.md.tmpl",
      "templateHash": "sha256:7a893e02bdbf91dd0ce0f0c23cc2ec5e13957bcff77ab54e0a87a77bb74483ec",
      "configHash": "sha256:287252ea16f933f476f677ee308f96a589f48e504f0f9309fb4ee7318f7c60c4",
      "outputHash": "sha256:b5535305c87ce004dcf708e1b1303904a61d1c201f87b96ecf9132042b930a5a"
    },
    ".claude/skills/pi-tools-brainstorming/SKILL.md": {
      "templateId": "skills/brainstorming/SKILL.md.tmpl",
      "templateHash": "sha256:cdb65747bd41a94bda59afecc56a1043a31d48c6d662cca3c867deb7aa56bf8d",
      "configHash": "sha256:287252ea16f933f476f677ee308f96a589f48e504f0f9309fb4ee7318f7c60c4",
      "outputHash": "sha256:cae3add1a38efab3b0259f194d67b8099a67206cfd89a977959f98aeaf780c93"
    },
    ".claude/skills/pi-tools-current-state/SKILL.md": {
      "templateId": "skills/current-state/SKILL.md.tmpl",
      "templateHash": "sha256:f46d122bd42d72a3b277860260b93ca700b302fb9115083333843fa93d07cbd2",
      "configHash": "sha256:287252ea16f933f476f677ee308f96a589f48e504f0f9309fb4ee7318f7c60c4",
      "outputHash": "sha256:6e119f89b673a95f8ac3acc1dcd6b66ee7cacb7c708d7cd73eb23f195b5534bf"
    },
    ".claude/skills/pi-tools-debugging/SKILL.md": {
      "templateId": "skills/debugging/SKILL.md.tmpl",
      "templateHash": "sha256:5feccce596ed5ae115995ddf9b55bb2f635e67d8449f96aa69b25f158c69b502",
      "configHash": "sha256:287252ea16f933f476f677ee308f96a589f48e504f0f9309fb4ee7318f7c60c4",
      "outputHash": "sha256:aaa30c8568740a40f9d41d655414d0f7b2fdda68fb02e179b58a637fb4af0802"
    },
    ".claude/skills/pi-tools-decision-records/SKILL.md": {
      "templateId": "skills/decision-records/SKILL.md.tmpl",
      "templateHash": "sha256:d228d8bce419035c4c98c795a247fd366b5d141ae9f5b16133eaa265364aade0",
      "configHash": "sha256:287252ea16f933f476f677ee308f96a589f48e504f0f9309fb4ee7318f7c60c4",
      "outputHash": "sha256:d49d05c40b4ad5747adb94399dceb35bbddb7bdccaf0bc489c127972bf4b9345"
    },
    ".claude/skills/pi-tools-effort-workflow/SKILL.md": {
      "templateId": "skills/effort-workflow/SKILL.md.tmpl",
      "templateHash": "sha256:3cb4589189833db0604180fd653963ab82021f59597158fbcaf7879ce1df786d",
      "configHash": "sha256:287252ea16f933f476f677ee308f96a589f48e504f0f9309fb4ee7318f7c60c4",
      "outputHash": "sha256:d84a700395592794a6c58bd043f35522d80b2bc00564cfe364e4f34fe4feaa0d"
    },
    ".claude/skills/pi-tools-implementing/SKILL.md": {
      "templateId": "skills/implementing/SKILL.md.tmpl",
      "templateHash": "sha256:3a9c0a97ce6d8d649ef7a1fcf34198c8fc48a63e73f334c0592fef3aeb5b7631",
      "configHash": "sha256:287252ea16f933f476f677ee308f96a589f48e504f0f9309fb4ee7318f7c60c4",
      "outputHash": "sha256:000b3a5610849bff05500bced4ff14d4b28665c1b4ee93c65963c87e680a21d3"
    },
    ".claude/skills/pi-tools-planning/SKILL.md": {
      "templateId": "skills/planning/SKILL.md.tmpl",
      "templateHash": "sha256:2d943595a2dd13fb781ad11e61811c83a389c6d4918e6e087824203288df0d71",
      "configHash": "sha256:287252ea16f933f476f677ee308f96a589f48e504f0f9309fb4ee7318f7c60c4",
      "outputHash": "sha256:c7d0d52267093081596052e1252652acb7f82f59c5770aed8d106d3074b31f69"
    },
    ".claude/skills/pi-tools-refactor-scope/SKILL.md": {
      "templateId": "skills/refactor-scope/SKILL.md.tmpl",
      "templateHash": "sha256:22948c2d1f43002755551838aca788d54cc071e99322f57949497db53ad76088",
      "configHash": "sha256:287252ea16f933f476f677ee308f96a589f48e504f0f9309fb4ee7318f7c60c4",
      "outputHash": "sha256:77f8bdf42c5608e71482bffc88d6375b2f22cc477982250770491a42722bffb0"
    },
    ".claude/skills/pi-tools-repository-context/SKILL.md": {
      "templateId": "skills/repository-context/SKILL.md.tmpl",
      "templateHash": "sha256:2b3fa82b8051f49b0f01a906a27e35096c2efd2ee26a9f00b06ff85fcd2b2ca3",
      "configHash": "sha256:287252ea16f933f476f677ee308f96a589f48e504f0f9309fb4ee7318f7c60c4",
      "outputHash": "sha256:098abd08832caa28a7e2301cc25b9294bad04b41e505ccb05ee8a79ae67d5e31"
    },
    ".claude/skills/pi-tools-reviewing/SKILL.md": {
      "templateId": "skills/reviewing/SKILL.md.tmpl",
      "templateHash": "sha256:e508297dad7251327e6a39c131271f13d5192a76ff10930ae79140ef78ec7f32",
      "configHash": "sha256:287252ea16f933f476f677ee308f96a589f48e504f0f9309fb4ee7318f7c60c4",
      "outputHash": "sha256:a1abde7e4ba3b7df7e7e257af7a07988847735bb43fb34e68e6fe8be9bce567d"
    },
    ".claude/skills/pi-tools-using-awf/SKILL.md": {
      "templateId": "skills/using-awf/SKILL.md.tmpl",
      "templateHash": "sha256:dd45978ad6cff47c0da76acd289eba5b0d2840d9fe67ee67e715e6008a665d4a",
      "configHash": "sha256:287252ea16f933f476f677ee308f96a589f48e504f0f9309fb4ee7318f7c60c4",
      "outputHash": "sha256:e3c91d6245b91d5251e9c2126646e83c316d527bf1713f00c7cf7eed61ab7b66"
    },
    ".pi/agents/explorer.md": {
      "templateId": "agents/explorer.md.tmpl",
      "templateHash": "sha256:d7b7b34f1e92db91ae6e588e97c26269ba3faaf8f442beb30166f0091fa8f5b0",
      "configHash": "sha256:c3210262b96c57c9dfaf8821a5bb0652f317c1bd222454435f710537e1065d55",
      "outputHash": "sha256:cedea4e4c43ec35cc508ce50a5c83ca62df751794f7aed0b33398ccd3e865d2b"
    },
    ".pi/agents/implementer.md": {
      "templateId": "agents/implementer.md.tmpl",
      "templateHash": "sha256:17d18c207a42cba1752e469fc7c53fe9b85f3bfd85d83afbace1172cf399c213",
      "configHash": "sha256:c3210262b96c57c9dfaf8821a5bb0652f317c1bd222454435f710537e1065d55",
      "outputHash": "sha256:6eda9ee34506804985c4c63526ef9129156f113c8dcbecbabd63c16031b84bc7"
    },
    ".pi/agents/premise-checker.md": {
      "templateId": "agents/premise-checker.md.tmpl",
      "templateHash": "sha256:0a55e66e582f92170fd59c5e439fd27dfc580e9840a2fead5b32937c676a476c",
      "configHash": "sha256:c3210262b96c57c9dfaf8821a5bb0652f317c1bd222454435f710537e1065d55",
      "outputHash": "sha256:719cb028326f82fb4dfc8e0607da4c84a2ec71df33bdd4c085d955c3221cd307"
    },
    ".pi/agents/reviewer.md": {
      "templateId": "agents/reviewer.md.tmpl",
      "templateHash": "sha256:7a893e02bdbf91dd0ce0f0c23cc2ec5e13957bcff77ab54e0a87a77bb74483ec",
      "configHash": "sha256:c3210262b96c57c9dfaf8821a5bb0652f317c1bd222454435f710537e1065d55",
      "outputHash": "sha256:b5535305c87ce004dcf708e1b1303904a61d1c201f87b96ecf9132042b930a5a"
    },
    ".pi/extensions/awf-subagents/index.ts": {
      "templateId": "pi/awf-subagents/index.ts.tmpl",
      "templateHash": "sha256:12cec527718187a150f24356bfb2f8e6251a4349cfbec9f312bd547e515a6b51",
      "configHash": "sha256:c3210262b96c57c9dfaf8821a5bb0652f317c1bd222454435f710537e1065d55",
      "outputHash": "sha256:8a31b6d6297b49982a067a24dd198ac4956a15c56af5b93de5dc67f74146692c"
    },
    ".pi/extensions/awf-subagents/model-routing.ts": {
      "templateId": "pi/awf-subagents/model-routing.ts.tmpl",
      "templateHash": "sha256:d442d36cd6b43cf5d16cd0ea070b0c6ed257db2ae2e1b18448cc0bb1fecc1f47",
      "configHash": "sha256:c3210262b96c57c9dfaf8821a5bb0652f317c1bd222454435f710537e1065d55",
      "outputHash": "sha256:1a6fa5f031f144ec12954354418a888072a870ed47d0f456963c09bf2c2199ed"
    },
    ".pi/skills/pi-tools-brainstorming/SKILL.md": {
      "templateId": "skills/brainstorming/SKILL.md.tmpl",
      "templateHash": "sha256:cdb65747bd41a94bda59afecc56a1043a31d48c6d662cca3c867deb7aa56bf8d",
      "configHash": "sha256:c3210262b96c57c9dfaf8821a5bb0652f317c1bd222454435f710537e1065d55",
      "outputHash": "sha256:cae3add1a38efab3b0259f194d67b8099a67206cfd89a977959f98aeaf780c93"
    },
    ".pi/skills/pi-tools-current-state/SKILL.md": {
      "templateId": "skills/current-state/SKILL.md.tmpl",
      "templateHash": "sha256:f46d122bd42d72a3b277860260b93ca700b302fb9115083333843fa93d07cbd2",
      "configHash": "sha256:c3210262b96c57c9dfaf8821a5bb0652f317c1bd222454435f710537e1065d55",
      "outputHash": "sha256:6e119f89b673a95f8ac3acc1dcd6b66ee7cacb7c708d7cd73eb23f195b5534bf"
    },
    ".pi/skills/pi-tools-debugging/SKILL.md": {
      "templateId": "skills/debugging/SKILL.md.tmpl",
      "templateHash": "sha256:5feccce596ed5ae115995ddf9b55bb2f635e67d8449f96aa69b25f158c69b502",
      "configHash": "sha256:c3210262b96c57c9dfaf8821a5bb0652f317c1bd222454435f710537e1065d55",
      "outputHash": "sha256:aaa30c8568740a40f9d41d655414d0f7b2fdda68fb02e179b58a637fb4af0802"
    },
    ".pi/skills/pi-tools-decision-records/SKILL.md": {
      "templateId": "skills/decision-records/SKILL.md.tmpl",
      "templateHash": "sha256:d228d8bce419035c4c98c795a247fd366b5d141ae9f5b16133eaa265364aade0",
      "configHash": "sha256:c3210262b96c57c9dfaf8821a5bb0652f317c1bd222454435f710537e1065d55",
      "outputHash": "sha256:d49d05c40b4ad5747adb94399dceb35bbddb7bdccaf0bc489c127972bf4b9345"
    },
    ".pi/skills/pi-tools-effort-workflow/SKILL.md": {
      "templateId": "skills/effort-workflow/SKILL.md.tmpl",
      "templateHash": "sha256:3cb4589189833db0604180fd653963ab82021f59597158fbcaf7879ce1df786d",
      "configHash": "sha256:c3210262b96c57c9dfaf8821a5bb0652f317c1bd222454435f710537e1065d55",
      "outputHash": "sha256:d84a700395592794a6c58bd043f35522d80b2bc00564cfe364e4f34fe4feaa0d"
    },
    ".pi/skills/pi-tools-implementing/SKILL.md": {
      "templateId": "skills/implementing/SKILL.md.tmpl",
      "templateHash": "sha256:3a9c0a97ce6d8d649ef7a1fcf34198c8fc48a63e73f334c0592fef3aeb5b7631",
      "configHash": "sha256:c3210262b96c57c9dfaf8821a5bb0652f317c1bd222454435f710537e1065d55",
      "outputHash": "sha256:000b3a5610849bff05500bced4ff14d4b28665c1b4ee93c65963c87e680a21d3"
    },
    ".pi/skills/pi-tools-planning/SKILL.md": {
      "templateId": "skills/planning/SKILL.md.tmpl",
      "templateHash": "sha256:2d943595a2dd13fb781ad11e61811c83a389c6d4918e6e087824203288df0d71",
      "configHash": "sha256:c3210262b96c57c9dfaf8821a5bb0652f317c1bd222454435f710537e1065d55",
      "outputHash": "sha256:c7d0d52267093081596052e1252652acb7f82f59c5770aed8d106d3074b31f69"
    },
    ".pi/skills/pi-tools-refactor-scope/SKILL.md": {
      "templateId": "skills/refactor-scope/SKILL.md.tmpl",
      "templateHash": "sha256:22948c2d1f43002755551838aca788d54cc071e99322f57949497db53ad76088",
      "configHash": "sha256:c3210262b96c57c9dfaf8821a5bb0652f317c1bd222454435f710537e1065d55",
      "outputHash": "sha256:77f8bdf42c5608e71482bffc88d6375b2f22cc477982250770491a42722bffb0"
    },
    ".pi/skills/pi-tools-repository-context/SKILL.md": {
      "templateId": "skills/repository-context/SKILL.md.tmpl",
      "templateHash": "sha256:2b3fa82b8051f49b0f01a906a27e35096c2efd2ee26a9f00b06ff85fcd2b2ca3",
      "configHash": "sha256:c3210262b96c57c9dfaf8821a5bb0652f317c1bd222454435f710537e1065d55",
      "outputHash": "sha256:098abd08832caa28a7e2301cc25b9294bad04b41e505ccb05ee8a79ae67d5e31"
    },
    ".pi/skills/pi-tools-reviewing/SKILL.md": {
      "templateId": "skills/reviewing/SKILL.md.tmpl",
      "templateHash": "sha256:e508297dad7251327e6a39c131271f13d5192a76ff10930ae79140ef78ec7f32",
      "configHash": "sha256:c3210262b96c57c9dfaf8821a5bb0652f317c1bd222454435f710537e1065d55",
      "outputHash": "sha256:a1abde7e4ba3b7df7e7e257af7a07988847735bb43fb34e68e6fe8be9bce567d"
    },
    ".pi/skills/pi-tools-using-awf/SKILL.md": {
      "templateId": "skills/using-awf/SKILL.md.tmpl",
      "templateHash": "sha256:dd45978ad6cff47c0da76acd289eba5b0d2840d9fe67ee67e715e6008a665d4a",
      "configHash": "sha256:c3210262b96c57c9dfaf8821a5bb0652f317c1bd222454435f710537e1065d55",
      "outputHash": "sha256:e3c91d6245b91d5251e9c2126646e83c316d527bf1713f00c7cf7eed61ab7b66"
    },
    "AGENTS.md": {
      "templateId": "agents-doc/AGENTS.md.tmpl",
      "templateHash": "sha256:dc210f88d4db5243df9f3f21ba9d6c9499c6d88b2b66b29434cb8293ffed5a1b",
      "configHash": "sha256:7428aaab6443c6e9c5bb00043dbef36d4df9ceabaccbe2561e27a5516e049f11",
      "outputHash": "sha256:e6dc166287db57742660e03a97224369d262533a6eaae5a317350184e4e8dee1"
    },
    "CLAUDE.md": {
      "templateId": "claude/CLAUDE.md.tmpl",
      "templateHash": "sha256:336cc4fbf19beaada7ccf9986414fa91851a8d7a07dfb3ccbe800a69eed0ab49",
      "configHash": "sha256:e7c2f6878e4f77e863b4314ccb0780d5d5e8eb65e0f389b57930b02c813b6176",
      "outputHash": "sha256:3f96a2f828fe83e64fb464e0a5ad2bf0a343274bc01f9c7e8c6bbbfd519f497e"
    },
    "awf": {
      "templateId": "runner/awf.tmpl",
      "templateHash": "sha256:069fe8e30b33045c68cefcf283c96268b2e7818b31be08cf243c76c0c91e27ac",
      "configHash": "sha256:e7c2f6878e4f77e863b4314ccb0780d5d5e8eb65e0f389b57930b02c813b6176",
      "outputHash": "sha256:ce7766d508044c5dc8b31bd694f22f9ede73ceff69217687122b338ac5732e37"
    },
    "docs/agents-md-standard.md": {
      "templateId": "docs/agents-md-standard.md.tmpl",
      "templateHash": "sha256:babc1f4a074774391be7d24d2c6bd45702fb9eb87c36c2f34108b05b435a01ef",
      "configHash": "sha256:4630a22b50e3f221736c846581ac44d0e6f7be68b5fb67f790d6c79542a677ab",
      "outputHash": "sha256:4e16e870e69935e8205d4646ea77e6ca55b2bbd5aa010c5475c17cd2c0691c2f"
    },
    "docs/architecture.md": {
      "templateId": "docs/architecture.md.tmpl",
      "templateHash": "sha256:8894bf78b539f7024e193ed489d2472818ceb8451a0e035553fca794207821b0",
      "configHash": "sha256:ba3d8498267e1a384337c243afff7d8a6d450069708c41e27b7ce8bf57385d7b",
      "outputHash": "sha256:12516ed759d1c2e76c2bc9e2cfd010208ea77321bffbab7e3afc6ea7a9e2030a"
    },
    "docs/config-reference.md": {
      "templateId": "",
      "templateHash": "",
      "configHash": "sha256:619a4dec6900da1feb21570a9a316b719f4802bf7686ce13e6cd6114d391b3e6",
      "outputHash": "sha256:b9a6f88b227d1a828626f9365214d3e50f8b6d62b4eb0412075686c1a50ae00e",
      "regenChecked": true
    },
    "docs/debugging.md": {
      "templateId": "docs/debugging.md.tmpl",
      "templateHash": "sha256:d9bf7c91f6e5816cff1b930584406602cc1dfd0941eaef8ac1002b5a8c2fdc94",
      "configHash": "sha256:261ab06760d856b674703dc697e9c92ebce06837cbe5a0665fbb6dfec995231b",
      "outputHash": "sha256:e4c04d961d2b2cca895009ea3fb66c3e21c9748d229d115ae1d1b2b48d971023"
    },
    "docs/development.md": {
      "templateId": "docs/development.md.tmpl",
      "templateHash": "sha256:e99876e3d365ba66edef46749bfa80a81deb82810ccd660f00857e40bf26b108",
      "configHash": "sha256:bfb0ab15a7a7f753ea98cf099ecacd21eb9da2dfb21906c25bd9c773faaa36f4",
      "outputHash": "sha256:244b85258516d2443857594f472c550b5f0c9834255375aede1b667fb2d35c1e"
    },
    "docs/doc-standard.md": {
      "templateId": "docs/doc-standard.md.tmpl",
      "templateHash": "sha256:032fa26232e0311b5d1d4a80280be7d0d1b50639451ebadb9b91ac5227a2a4af",
      "configHash": "sha256:c93713e807507972358ad9baa66cd0d8fca83321508a7341ba2207987bbf18fb",
      "outputHash": "sha256:d3e8e9ca81962562df5451ee13d8ede76c357f3c4dbbc49a05e9250d8e443f1c"
    },
    "docs/domains/development.md": {
      "templateId": "",
      "templateHash": "",
      "configHash": "sha256:619a4dec6900da1feb21570a9a316b719f4802bf7686ce13e6cd6114d391b3e6",
      "outputHash": "sha256:55154b5c6e66a4aca54e9fb02dcdd2ce3f8a508c3faedb5e1e17c0fb16b8119c",
      "regenChecked": true
    },
    "docs/glossary.md": {
      "templateId": "docs/glossary.md.tmpl",
      "templateHash": "sha256:dc751686b557a6bde2147cb6be97788269a3c375bfa64f3eebf5c0e08dc0bb45",
      "configHash": "sha256:53e6226ba4a23d61a9cec5ff7138f3ec4238879233708552f6aa810b170cf5c7",
      "outputHash": "sha256:14c0ab355c320fd183b8e08d0c152a89c0930b572c0bbf71e74a7598ca325619"
    },
    "docs/maintainable-code-design.md": {
      "templateId": "docs/maintainable-code-design.md.tmpl",
      "templateHash": "sha256:aa19b34e3e74449bfa7af2ad5f2b74ab99420da32b47850a84a3f46a478a80d2",
      "configHash": "sha256:52274b96306f91babcdcc2a50625022eb2e32c1ba4f278709373d170b2352efd",
      "outputHash": "sha256:88800adaed3fc58ad8a7e73dd1ea52248dda3f4922d5d17a5b5a16f54639c6a8"
    },
    "docs/pi-runtime-reference.md": {
      "templateId": "docs/pi-runtime-reference.md.tmpl",
      "templateHash": "sha256:fb9eb46df8780a0ba5d5a83b55bd957ac345111fa3871162e9fd64268d55ef21",
      "configHash": "sha256:feeaa928cab0b2badc4fde6877c4b9416c7c3abb13c00718037a38d8d85573f5",
      "outputHash": "sha256:5d4dabcd5c654538aed0c40c6518b628cbba70a944a9b04ee83f12c71372b2ef"
    },
    "docs/pitfalls.md": {
      "templateId": "docs/pitfalls.md.tmpl",
      "templateHash": "sha256:217dd0f87978c1cf64db836501c896587fb8f7c1f9078b78c7071bb1cc1a08d8",
      "configHash": "sha256:3fc846fa5dd248e4a982bd477ba6e17a5df1ae888c0d4026a0f787251c9e9804",
      "outputHash": "sha256:2e8364a32101407a063372ccb3c33acea31372a29e3efb4d157244a14117953c"
    },
    "docs/pitfalls/managed-worktree-biome-exclusion.md": {
      "templateId": "pitfalls/entry.md.tmpl",
      "templateHash": "sha256:d17ff4639e37b876b25efd24d9d150edd9618be58b9130367985e17cd61a3cf1",
      "configHash": "sha256:ba4f258f476ae8f98373b01a32faa684ccd550a24b012e97175a964c910a79b2",
      "outputHash": "sha256:61aed6890d90ba0a8a11e2a2bb56e28d6e7cbd32d76244fd37a80c303f2677c1"
    },
    "docs/pitfalls/zero-width-control-characters-in-rendered-rows.md": {
      "templateId": "pitfalls/entry.md.tmpl",
      "templateHash": "sha256:d17ff4639e37b876b25efd24d9d150edd9618be58b9130367985e17cd61a3cf1",
      "configHash": "sha256:a890865d6ee1621131ee1a09ad7be049765d5366a0f1d6d19652f0b069dd7cef",
      "outputHash": "sha256:35c9d784cde11e03fb07415545eac50c21e71d4b6697443b3787f66c30e7231d"
    },
    "docs/releasing.md": {
      "templateId": "docs/releasing.md.tmpl",
      "templateHash": "sha256:0683f8ceca62d4c5c91ce1058d1e2970f4336aced06b298b7ea3ef8cc328d78c",
      "configHash": "sha256:f459a5e7b696e39cf307f6812b6c2da58dc118431b3ee4934dc883e4cf305f47",
      "outputHash": "sha256:348bbfd6416d2b0a0c946251c261c46380dc829cc608cf93cea258fb33f030c2"
    },
    "docs/roadmap.md": {
      "templateId": "docs/roadmap.md.tmpl",
      "templateHash": "sha256:26c7896fbc808c909083ceedc048ea5706a9252d32642d031bd816d7ef1cd511",
      "configHash": "sha256:1eb3442a3300ce2f18f54ad156deb56a472b69cdc4c86d0bfcdaaf7bd9c83f1e",
      "outputHash": "sha256:f54382d016fd93c49c3bcd8bd6559ea3f619cf4683847faf50f7000051537e98"
    },
    "docs/testing.md": {
      "templateId": "docs/testing.md.tmpl",
      "templateHash": "sha256:777f41a24fd504e59c0ce9ef2cb4687734c5a88dadcc78ad2ed9eb7a5bc453bf",
      "configHash": "sha256:6e761830f8c6f524988b59b06289d54682912a8eaf20cdbe6c48af74c91c7733",
      "outputHash": "sha256:daebc0120cef87aab314d8755a54ca5d4e8739c99425c673136f4ab52beb61d1"
    },
    "docs/topics/development/commit-provenance.md": {
      "templateId": "topics/topic.md.tmpl",
      "templateHash": "sha256:25b4ec23c7a22667f9d78b1e5883af8702d82f67896c3a42ac0ad19032d7c7bb",
      "configHash": "sha256:400df9af3c2c81e2773b002a9103c3a092f807f2adfd25ca412a9de161a36607",
      "outputHash": "sha256:a012ae8de53f8b92c104a8bc78b2e784077f518843b7a84158d2132b81f6d335"
    },
    "docs/topics/development/distribution-policy.md": {
      "templateId": "topics/topic.md.tmpl",
      "templateHash": "sha256:25b4ec23c7a22667f9d78b1e5883af8702d82f67896c3a42ac0ad19032d7c7bb",
      "configHash": "sha256:b1e521fc6274b3599eae5f0ff5320cc3dd875dada4a5369c4e769114bd97dc44",
      "outputHash": "sha256:b3e8f16ea035ef24f51f8579fd17838c41649355dccba2e55f2425437f36214c"
    },
    "docs/topics/development/extension-toolchain.md": {
      "templateId": "topics/topic.md.tmpl",
      "templateHash": "sha256:25b4ec23c7a22667f9d78b1e5883af8702d82f67896c3a42ac0ad19032d7c7bb",
      "configHash": "sha256:9d8241336519a928f7018e6988bd117854cd4ad36bcff31a9eb24450c2d51e80",
      "outputHash": "sha256:14d22e9d766c8c2acc8d030d585e7789562e6fc0498657b481578fbf6888dec8"
    },
    "docs/topics/development/index.md": {
      "templateId": "topics/index.md.tmpl",
      "templateHash": "sha256:58a9398b187ea9c7c2c3321299b70f8e6faf3f06778c44e6a2232224f3481ab1",
      "configHash": "sha256:9dfe644aedbb31df1351dad2dab2566d51b68998c17ed8bd5c6039325635819a",
      "outputHash": "sha256:c04790b79247924978075152226c1d2f4ccf5e2283c4ab4a3679377ca78cd3f7"
    },
    "docs/topics/development/subagent-execution.md": {
      "templateId": "topics/topic.md.tmpl",
      "templateHash": "sha256:25b4ec23c7a22667f9d78b1e5883af8702d82f67896c3a42ac0ad19032d7c7bb",
      "configHash": "sha256:e1e37b34ff8eef60102de61ae0cc7b79efc000a8010704a1ef63a6c3b6c0bfde",
      "outputHash": "sha256:621d46139cffde876af408e06423a20002c6a8e513e60abaec768b1afa461549"
    },
    "docs/workflow.md": {
      "templateId": "docs/workflow.md.tmpl",
      "templateHash": "sha256:ad3c0284195e9cd162763c3e8d9c7a8d5d14fca7c9795c6a710a427722bd1c88",
      "configHash": "sha256:2bc3a8628af6c342d2855711afe82e962f63f8f8bab35d5c97de23027c8889a7",
      "outputHash": "sha256:a711f550ad6adef34184e4d71a3e320f8b92140afa3167e5cdae566153e13c65"
    },
    "docs/working-with-awf.md": {
      "templateId": "docs/working-with-awf.md.tmpl",
      "templateHash": "sha256:0880f5dd9416f9e7072fd0b6ccf0575d6bccb33e263c587627a90bc4c2b99a46",
      "configHash": "sha256:7e5ce71cfd6b3256f09848048c4103e2c8a6d972c353ad7040ff7396773f8e43",
      "outputHash": "sha256:ea473aba2f289022413b6fda8f7330545f76821acb56801608160a8e98d85856"
    }
  },
  "initializedWithVersion": "0.37.0"
}
