{
  "awfVersion": "0.38.0",
  "schemaVersion": 46,
  "files": {
    ".awf/bootstrap.sh": {
      "templateId": "bootstrap/awf-bootstrap.sh.tmpl",
      "templateHash": "sha256:4fc6e03481f7b5d72843e3927e99c2dced933d60b2796d8e32acd5b9d44b65d2",
      "configHash": "sha256:17e593b7be2adb8a69661f091926ccf1537c5b15bccd1addb5a7738a78db5603",
      "outputHash": "sha256:860e587247db32c72e6e5cae2c30eb2644b0ab057a05abb66120b34360dde9dd"
    },
    ".awf/effort-archive/.gitignore": {
      "templateId": "effort-archive/gitignore.tmpl",
      "templateHash": "sha256:240a3e0d37d2e86b614063f5347eb02d4f99ca6c254de6b82871ff8d95532a7d",
      "configHash": "sha256:17e593b7be2adb8a69661f091926ccf1537c5b15bccd1addb5a7738a78db5603",
      "outputHash": "sha256:f3a59358883e776cdd1cabb8ec5c58b947842c761996f705ddf11abe9fe2ac47"
    },
    ".awf/efforts/.gitignore": {
      "templateId": "efforts/gitignore.tmpl",
      "templateHash": "sha256:240a3e0d37d2e86b614063f5347eb02d4f99ca6c254de6b82871ff8d95532a7d",
      "configHash": "sha256:17e593b7be2adb8a69661f091926ccf1537c5b15bccd1addb5a7738a78db5603",
      "outputHash": "sha256:f3a59358883e776cdd1cabb8ec5c58b947842c761996f705ddf11abe9fe2ac47"
    },
    ".awf/hooks/commit-msg.sh": {
      "templateId": "hooks/commit-msg.sh.tmpl",
      "templateHash": "sha256:6de56ce9542926b6c979dc4d6b7ff4cc6608420c2aba9e457101889ccfa134d9",
      "configHash": "sha256:7c4c20d58b19802087a430d4f7e9041e580f56adb823cfc626d725c00c3f59a9",
      "outputHash": "sha256:9ae403c9843a345aea0a472fe7e3e6acd39394835ac22601449f61a96e9e86e2"
    },
    ".awf/hooks/pre-commit.sh": {
      "templateId": "hooks/pre-commit.sh.tmpl",
      "templateHash": "sha256:ff5a35817328aa7a51f1639253aa11e24625875dcda37fedb143fbdb83c468ae",
      "configHash": "sha256:d25dd35771cc31f92b5e4f3ac5bef7cd0571db1d204d2d64a002f0af835c196c",
      "outputHash": "sha256:fd0078545bbd027643ace2325ec88c0b444a9f1c4ca1428ab24271ff17b81327"
    },
    ".awf/hooks/pre-merge-commit.sh": {
      "templateId": "hooks/pre-merge-commit.sh.tmpl",
      "templateHash": "sha256:c65018477d879d688c69b59aeda76817b5a376ffc1c427ff3bd6e7fbcd68af10",
      "configHash": "sha256:71ab0a1ef59581288eea98e1948bba35b1f010f0778fd0390029bccd80bc124a",
      "outputHash": "sha256:2604d3ad1647786a572315fb0856543707c55d2fc0a47305b561b040a6a56c21"
    },
    ".awf/hooks/pre-push.sh": {
      "templateId": "hooks/pre-push.sh.tmpl",
      "templateHash": "sha256:df283102bab63b402d4f74ab1b671d8cc6bfb62805b0e80a1769622c9ae0f5d0",
      "configHash": "sha256:948ecf5065976383da8d9caf9de5dfda65917d542ba7c676fb47527e4979b64d",
      "outputHash": "sha256:b2a071b5c1952d5a50cef2e93c657283cf1d874ab9caf6a103b3da22217066c5"
    },
    ".awf/hooks/reference-transaction.sh": {
      "templateId": "hooks/reference-transaction.sh.tmpl",
      "templateHash": "sha256:a0f1a673c87ca9c702557ba23a251c4b9ad3ffc58e535f04e80c5581fbdc76e2",
      "configHash": "sha256:17e593b7be2adb8a69661f091926ccf1537c5b15bccd1addb5a7738a78db5603",
      "outputHash": "sha256:e218b08541d1b92b1dd545e678b4d5d866f06310a1a9ee3771f396d514476b1e"
    },
    ".awf/upgrade.sh": {
      "templateId": "bootstrap/awf-upgrade.sh.tmpl",
      "templateHash": "sha256:b0de6c77fe4934f5ccb45f5e275c05cf9a1606f7993ac0e4965164505555fc76",
      "configHash": "sha256:17e593b7be2adb8a69661f091926ccf1537c5b15bccd1addb5a7738a78db5603",
      "outputHash": "sha256:314c3327b6128dd8a1866b780fc41a028f62dfea8d2a8b8db519db48ecd90939"
    },
    ".awf/worktrees/.gitignore": {
      "templateId": "worktrees/gitignore.tmpl",
      "templateHash": "sha256:240a3e0d37d2e86b614063f5347eb02d4f99ca6c254de6b82871ff8d95532a7d",
      "configHash": "sha256:17e593b7be2adb8a69661f091926ccf1537c5b15bccd1addb5a7738a78db5603",
      "outputHash": "sha256:f3a59358883e776cdd1cabb8ec5c58b947842c761996f705ddf11abe9fe2ac47"
    },
    ".claude/agents/adr-reviewer.md": {
      "templateId": "agents/adr-reviewer.md.tmpl",
      "templateHash": "sha256:264a1c4d677be1bc9de9a23e8dc9bed86055c998d2e4c5ba7d16cb6b53603973",
      "configHash": "sha256:7c04d2d0312cc16d3cf97ff533ecaec298d4916de7c63bd5fc9bd0b1116f94be",
      "outputHash": "sha256:2a40fc85a160910e57e65c131f1419aedb92d57f8c353ff2019ccabef02ce920"
    },
    ".claude/agents/code-reviewer.md": {
      "templateId": "agents/code-reviewer.md.tmpl",
      "templateHash": "sha256:ccf92fe646e2fee45b0d7e4f5596416a6eb62e1372f571c2c18333f372aefb24",
      "configHash": "sha256:57221016bd39b85885a5c2301cf11c1fddeefaf62f6feb8dc02ef70f3fb3e15d",
      "outputHash": "sha256:ae048f7d12c74c7acca853576ad53420851d5d890b19d2003398f35a0ade4d18"
    },
    ".claude/agents/explorer.md": {
      "templateId": "agents/explorer.md.tmpl",
      "templateHash": "sha256:f4955c677e8c99583d1a714e0be9be5a18160c867670105deb22b913daca054c",
      "configHash": "sha256:2aeeb2ea617116c0c2fc1bd948409ca509e84748da00697492635633b650f89e",
      "outputHash": "sha256:143f5304ed49ce1e482a1cce311b5f7e2129cdbc36f436fcd4e40f952e88fc22"
    },
    ".claude/agents/grounding-checker.md": {
      "templateId": "agents/grounding-checker.md.tmpl",
      "templateHash": "sha256:60b6fbce42b8f368cc7f39808c6005f8d883047f3e2d295d417e00c4973f73d3",
      "configHash": "sha256:2aeeb2ea617116c0c2fc1bd948409ca509e84748da00697492635633b650f89e",
      "outputHash": "sha256:da95a7e6255868885d4b920681175f31165e8f0c92e39010e124f2821075211c"
    },
    ".claude/agents/implementer.md": {
      "templateId": "agents/implementer.md.tmpl",
      "templateHash": "sha256:2e874834a36745c82c56aa931630b6fe651957a9ba22ee9ddfa357ea506b4b3a",
      "configHash": "sha256:109b9fcc74be30d6a654266105f0ebf95ecbf99b80072f18e07d14494f6d3ec6",
      "outputHash": "sha256:61835fe39ca282c1fd65edf09c2a492c17773bea70061e68e150744d86a5e3f8"
    },
    ".claude/agents/plan-reviewer.md": {
      "templateId": "agents/plan-reviewer.md.tmpl",
      "templateHash": "sha256:b07fbd8fedabe62e785e7dd89cce5f4500f1eb08e9793b5047d77ae583ecb9a4",
      "configHash": "sha256:8989cc7db66dda8b2a413e08ab5d508005d49a0877aa8b331ff15b236720f1c8",
      "outputHash": "sha256:70c43d720458817bd66b5b380f966a4f8390d135185f80bdb6bccea32f9922f8"
    },
    ".claude/skills/pi-tools-adr-lifecycle/SKILL.md": {
      "templateId": "skills/adr-lifecycle/SKILL.md.tmpl",
      "templateHash": "sha256:9f85f6631f0bdad20ff3431db8f3e12ddfa696ab3390e0a3f88b9c41e53141f9",
      "configHash": "sha256:64f4c17bf469aa10831cb3ac9bde697eb21349c10d1a819594ea619c7d37a4bb",
      "outputHash": "sha256:e3749ee4ba50ae960d9ca516c4e1404a7a52d918eca9f971a6c596e86cd55ffa"
    },
    ".claude/skills/pi-tools-brainstorming/SKILL.md": {
      "templateId": "skills/brainstorming/SKILL.md.tmpl",
      "templateHash": "sha256:8b6f194cd8bb682f1c83b642832f00883b7ee23617610b2879e86ea173e013e1",
      "configHash": "sha256:2aeeb2ea617116c0c2fc1bd948409ca509e84748da00697492635633b650f89e",
      "outputHash": "sha256:8959cbcaad4f695e4cf1d632c8196530cd285836235ecea88e5dc6b516eda49a"
    },
    ".claude/skills/pi-tools-bugfix/SKILL.md": {
      "templateId": "skills/bugfix/SKILL.md.tmpl",
      "templateHash": "sha256:96205f3162a7bdf83afd24d3a7be6fa2f0f2efdf0a2769f15d5a9f6088c55552",
      "configHash": "sha256:ad0550a082462323728a6b907173dff85a232e2f2d9fd5d602efbcf92bd41148",
      "outputHash": "sha256:169837694525f5cb2f39b5937bcb3e3c48df17096b3acad822ef645a43427a5a"
    },
    ".claude/skills/pi-tools-debugging/SKILL.md": {
      "templateId": "skills/debugging/SKILL.md.tmpl",
      "templateHash": "sha256:6cc64f34740683aafccaf4dea369919f48fde9ac096b9b8c55b6b7e8ecd39af7",
      "configHash": "sha256:ad0550a082462323728a6b907173dff85a232e2f2d9fd5d602efbcf92bd41148",
      "outputHash": "sha256:83240fa2ff6a69c1beaf06109d19e7cd63944fa230ca2581bfd7a0f89f97106b"
    },
    ".claude/skills/pi-tools-effort-workflow/SKILL.md": {
      "templateId": "skills/effort-workflow/SKILL.md.tmpl",
      "templateHash": "sha256:577ff8bf030904908cd8de4dbdbadf8ee26876f8054c2e97fcd279f8e4a76159",
      "configHash": "sha256:2aeeb2ea617116c0c2fc1bd948409ca509e84748da00697492635633b650f89e",
      "outputHash": "sha256:d02f8b52b4c92fd6553335e0a550a3ca6f5a81db52297811d55f8a9643b2689b"
    },
    ".claude/skills/pi-tools-executing-direct/SKILL.md": {
      "templateId": "skills/executing-direct/SKILL.md.tmpl",
      "templateHash": "sha256:0009939df4fe78fb85a732db0f9ce26f8d6098c4f8269e5c8902b73e6b0a5918",
      "configHash": "sha256:2aeeb2ea617116c0c2fc1bd948409ca509e84748da00697492635633b650f89e",
      "outputHash": "sha256:e519964ee8a214844bf1ae03866874fe48eac77b2817f58362668585c36dfbf8"
    },
    ".claude/skills/pi-tools-executing-plans/SKILL.md": {
      "templateId": "skills/executing-plans/SKILL.md.tmpl",
      "templateHash": "sha256:d2a99d02dea42fc0e7ac4ff140898546092d573308422d8047cd80b1a2976173",
      "configHash": "sha256:7a44d575ad63463645f76d063f5f8ec08d02b8b35d6ab8fdffc8c8ac349c17c3",
      "outputHash": "sha256:6fa9a6692ca6e47978bef033715ecbeef8583107549498f9fcbf57cfd5e633d7"
    },
    ".claude/skills/pi-tools-exploring/SKILL.md": {
      "templateId": "skills/exploring/SKILL.md.tmpl",
      "templateHash": "sha256:0b9a1a9534bf8e6dab702e418f8eefcd6b4873d05e429c25561065e0c224c07e",
      "configHash": "sha256:2aeeb2ea617116c0c2fc1bd948409ca509e84748da00697492635633b650f89e",
      "outputHash": "sha256:420d8c7c228db0aee28d2796104c913819ed58ad90420bfb3937832087bdfaad"
    },
    ".claude/skills/pi-tools-grounding/SKILL.md": {
      "templateId": "skills/grounding/SKILL.md.tmpl",
      "templateHash": "sha256:528e26ddd6c050bcbf237a242edd9cfeafd4678967b42d2e1ab5b7159bbb50d4",
      "configHash": "sha256:2aeeb2ea617116c0c2fc1bd948409ca509e84748da00697492635633b650f89e",
      "outputHash": "sha256:b59a5deefc68baa491a66a7c85c49ee0a2c9e8d0b8231ec76c22d8fb56502a28"
    },
    ".claude/skills/pi-tools-orienting/SKILL.md": {
      "templateId": "skills/orienting/SKILL.md.tmpl",
      "templateHash": "sha256:7df326b397d2a471aa44e1c62a61b42399a003704f676a357be7ea2255dc4770",
      "configHash": "sha256:2aeeb2ea617116c0c2fc1bd948409ca509e84748da00697492635633b650f89e",
      "outputHash": "sha256:7cd5f4681ca92523d23a07fa5aa5b02bd79c08c97ee1eab8495ee97f4f52a2d3"
    },
    ".claude/skills/pi-tools-proposing-adr/SKILL.md": {
      "templateId": "skills/proposing-adr/SKILL.md.tmpl",
      "templateHash": "sha256:ef4c193de5a326a6775ed303759bb86c0e317de70b17bf02040f6edb4a0c910b",
      "configHash": "sha256:0cc99dbffc20c3e1c8a5703f93073af04118ec81e6860712ba95a84e4ccad880",
      "outputHash": "sha256:f5e2b8275a859b1a0a6285f6255a29248a6ff724c71fce5b1692b0074f32620b"
    },
    ".claude/skills/pi-tools-refactor-coupling-audit/SKILL.md": {
      "templateId": "skills/refactor-coupling-audit/SKILL.md.tmpl",
      "templateHash": "sha256:cb9d16c8a2845c6077454f6ab2b307cd7656b6f2ca34630f9dee62724daf018b",
      "configHash": "sha256:2aeeb2ea617116c0c2fc1bd948409ca509e84748da00697492635633b650f89e",
      "outputHash": "sha256:ec7caca5573e1919f4772df26ff1be8fc165037fc8939165c52f977ecfcc3841"
    },
    ".claude/skills/pi-tools-retrospective/SKILL.md": {
      "templateId": "skills/retrospective/SKILL.md.tmpl",
      "templateHash": "sha256:8b74e4270cc5a7b36baa040e446a3d96ef00b6b3e47e0d7996934b3106003660",
      "configHash": "sha256:fbb9154366416c93f727f5ffec653f16127e085661e2d293a2d83d05447dbb75",
      "outputHash": "sha256:7ef84b79ca4af3c8d84943ceb9244e7f06905e4c6fe6ad39a69d18847a6b461f"
    },
    ".claude/skills/pi-tools-reviewing-adr/SKILL.md": {
      "templateId": "skills/reviewing-adr/SKILL.md.tmpl",
      "templateHash": "sha256:ed4cf57ac94f75573fed49136af73bd9007097ff8f749f1500479f53545173e8",
      "configHash": "sha256:2aeeb2ea617116c0c2fc1bd948409ca509e84748da00697492635633b650f89e",
      "outputHash": "sha256:99a4b5ceff357138979de476bc0d3fc8c316d9d2f794d3d917abfd98715198e3"
    },
    ".claude/skills/pi-tools-reviewing-impl/SKILL.md": {
      "templateId": "skills/reviewing-impl/SKILL.md.tmpl",
      "templateHash": "sha256:8541009d132ebbc7161ba04fee788f2d6fdffd357a47cfece9499d05c97beb3d",
      "configHash": "sha256:7a44d575ad63463645f76d063f5f8ec08d02b8b35d6ab8fdffc8c8ac349c17c3",
      "outputHash": "sha256:ca851a89eb78225ada538feb607d13e1aa8dc48c13dcf0a24bcdc929cb9c3af4"
    },
    ".claude/skills/pi-tools-reviewing-plan/SKILL.md": {
      "templateId": "skills/reviewing-plan/SKILL.md.tmpl",
      "templateHash": "sha256:09741e83ff7a692fb730f647823abb7b35e2271013728bbff912a401085ee08f",
      "configHash": "sha256:2aeeb2ea617116c0c2fc1bd948409ca509e84748da00697492635633b650f89e",
      "outputHash": "sha256:c5238c2afee179f511cac8878702afaf5fee9549a13e5b7fa834c67a2d0db8e0"
    },
    ".claude/skills/pi-tools-roadmap-graduation/SKILL.md": {
      "templateId": "skills/roadmap-graduation/SKILL.md.tmpl",
      "templateHash": "sha256:ada54f2247c2486c3d847830f1aa3c8b4c0099b6a04473a40a894fa731b69598",
      "configHash": "sha256:9e5e22c351333f55b452fed5b79af5e201029dd1fc7a2419f74a82deebdd4220",
      "outputHash": "sha256:da2f4b806b0f6ea65685b4cd76abb00bbd503269f8ca2efe263fe7815e56383e"
    },
    ".claude/skills/pi-tools-subagent-driven-development/SKILL.md": {
      "templateId": "skills/subagent-driven-development/SKILL.md.tmpl",
      "templateHash": "sha256:3183c240473b64f5e43224da00f6884d3c542bf5aa05e1c758bb9330e7926894",
      "configHash": "sha256:7a44d575ad63463645f76d063f5f8ec08d02b8b35d6ab8fdffc8c8ac349c17c3",
      "outputHash": "sha256:a29bc0d993594f68fb961085c636d0e9961fef8bb30611b156f447d2f49c3450"
    },
    ".claude/skills/pi-tools-tdd/SKILL.md": {
      "templateId": "skills/tdd/SKILL.md.tmpl",
      "templateHash": "sha256:221ad74b3860a7bd020770d20ad9622383eb884a78cbe93963815abb0bb6109b",
      "configHash": "sha256:08a4c542d68d63aa782c9fe0390a07ddaf7bb54fa348829fed645f3b1e8cc09f",
      "outputHash": "sha256:445878bb012583b2faf2ff65c66621b54471b8902b6f447bd515b6f625ccba17"
    },
    ".claude/skills/pi-tools-using-awf/SKILL.md": {
      "templateId": "skills/using-awf/SKILL.md.tmpl",
      "templateHash": "sha256:32d2777b6593d7f5cb813884353af5b98137481db902e16e6968262cd4cd661a",
      "configHash": "sha256:2aeeb2ea617116c0c2fc1bd948409ca509e84748da00697492635633b650f89e",
      "outputHash": "sha256:a9c8dac3a00e1b6be889bd796ce86211c328f4d251a950a5e86bc2e759998945"
    },
    ".claude/skills/pi-tools-writing-docs/SKILL.md": {
      "templateId": "skills/writing-docs/SKILL.md.tmpl",
      "templateHash": "sha256:2343511de5343a1bfe44d84791236c15f5f9ec7ad3526057afda2ea9ba3a050e",
      "configHash": "sha256:2aeeb2ea617116c0c2fc1bd948409ca509e84748da00697492635633b650f89e",
      "outputHash": "sha256:b1c539adeed05823501d51a37445f3d8256fecf8b9530f5193169face7682038"
    },
    ".claude/skills/pi-tools-writing-plans/SKILL.md": {
      "templateId": "skills/writing-plans/SKILL.md.tmpl",
      "templateHash": "sha256:5bff30c982a55386f2e03596cfba927abff5bc17e8406458d73783dd584241c5",
      "configHash": "sha256:7a44d575ad63463645f76d063f5f8ec08d02b8b35d6ab8fdffc8c8ac349c17c3",
      "outputHash": "sha256:dc3c769be47048ff00bd9f93430696b7076a52df47133c7f1c0b95c27596c768"
    },
    ".pi/agents/adr-reviewer.md": {
      "templateId": "agents/adr-reviewer.md.tmpl",
      "templateHash": "sha256:264a1c4d677be1bc9de9a23e8dc9bed86055c998d2e4c5ba7d16cb6b53603973",
      "configHash": "sha256:d4c346cfff8c98a6b10d222ab7456d4e164402b7c2049ee752effe477b315d2f",
      "outputHash": "sha256:2a40fc85a160910e57e65c131f1419aedb92d57f8c353ff2019ccabef02ce920"
    },
    ".pi/agents/code-reviewer.md": {
      "templateId": "agents/code-reviewer.md.tmpl",
      "templateHash": "sha256:ccf92fe646e2fee45b0d7e4f5596416a6eb62e1372f571c2c18333f372aefb24",
      "configHash": "sha256:a6b671b143d91f58d37217b130e833df94a5e60a68b5d4d1030f86e119af00b0",
      "outputHash": "sha256:ae048f7d12c74c7acca853576ad53420851d5d890b19d2003398f35a0ade4d18"
    },
    ".pi/agents/explorer.md": {
      "templateId": "agents/explorer.md.tmpl",
      "templateHash": "sha256:f4955c677e8c99583d1a714e0be9be5a18160c867670105deb22b913daca054c",
      "configHash": "sha256:9c30ecb23e284764f1936ce910a0dabeaa33868178214466ec65481f9911fd4f",
      "outputHash": "sha256:143f5304ed49ce1e482a1cce311b5f7e2129cdbc36f436fcd4e40f952e88fc22"
    },
    ".pi/agents/grounding-checker.md": {
      "templateId": "agents/grounding-checker.md.tmpl",
      "templateHash": "sha256:60b6fbce42b8f368cc7f39808c6005f8d883047f3e2d295d417e00c4973f73d3",
      "configHash": "sha256:9c30ecb23e284764f1936ce910a0dabeaa33868178214466ec65481f9911fd4f",
      "outputHash": "sha256:da95a7e6255868885d4b920681175f31165e8f0c92e39010e124f2821075211c"
    },
    ".pi/agents/implementer.md": {
      "templateId": "agents/implementer.md.tmpl",
      "templateHash": "sha256:2e874834a36745c82c56aa931630b6fe651957a9ba22ee9ddfa357ea506b4b3a",
      "configHash": "sha256:236e42f9a47ce871a02cb23bc0b82ae54a84e1bcc3795379f178f348875e573f",
      "outputHash": "sha256:61835fe39ca282c1fd65edf09c2a492c17773bea70061e68e150744d86a5e3f8"
    },
    ".pi/agents/plan-reviewer.md": {
      "templateId": "agents/plan-reviewer.md.tmpl",
      "templateHash": "sha256:b07fbd8fedabe62e785e7dd89cce5f4500f1eb08e9793b5047d77ae583ecb9a4",
      "configHash": "sha256:674a95a8298140f0e8c689443c3cdc8fe018434d2b263a3a402e59f096816620",
      "outputHash": "sha256:70c43d720458817bd66b5b380f966a4f8390d135185f80bdb6bccea32f9922f8"
    },
    ".pi/extensions/awf-effort/client.ts": {
      "templateId": "pi/awf-effort/client.ts.tmpl",
      "templateHash": "sha256:c92e4f783061660412aee5eb5e9ecddad896915151c14f879b5c922267007857",
      "configHash": "sha256:9c30ecb23e284764f1936ce910a0dabeaa33868178214466ec65481f9911fd4f",
      "outputHash": "sha256:a52bb93428db52f89a33ac982aa3c867730dd8ae111e71656c271665b7dfb9ef"
    },
    ".pi/extensions/awf-effort/index.ts": {
      "templateId": "pi/awf-effort/index.ts.tmpl",
      "templateHash": "sha256:d195a42956f691a63340cce0fcde6cdba03948de70a34b33a02b7815487b7644",
      "configHash": "sha256:9c30ecb23e284764f1936ce910a0dabeaa33868178214466ec65481f9911fd4f",
      "outputHash": "sha256:7afd082acaa5e4ad443c7d834d2e6edf0c482f4ca70212ae84faa7dff4dcee68"
    },
    ".pi/extensions/awf-subagents/index.ts": {
      "templateId": "pi/awf-subagents/index.ts.tmpl",
      "templateHash": "sha256:4e0e800b9f8f2860cfa79740dcfad44a69779ea6a045bd72bae910230fd3e127",
      "configHash": "sha256:9c30ecb23e284764f1936ce910a0dabeaa33868178214466ec65481f9911fd4f",
      "outputHash": "sha256:a26354b400ef05ef8053d99bfd10500600ccddc0f45ec07410ff1d1ff81676ed"
    },
    ".pi/extensions/awf-subagents/model-routing.ts": {
      "templateId": "pi/awf-subagents/model-routing.ts.tmpl",
      "templateHash": "sha256:d442d36cd6b43cf5d16cd0ea070b0c6ed257db2ae2e1b18448cc0bb1fecc1f47",
      "configHash": "sha256:9c30ecb23e284764f1936ce910a0dabeaa33868178214466ec65481f9911fd4f",
      "outputHash": "sha256:1a6fa5f031f144ec12954354418a888072a870ed47d0f456963c09bf2c2199ed"
    },
    ".pi/skills/pi-tools-adr-lifecycle/SKILL.md": {
      "templateId": "skills/adr-lifecycle/SKILL.md.tmpl",
      "templateHash": "sha256:9f85f6631f0bdad20ff3431db8f3e12ddfa696ab3390e0a3f88b9c41e53141f9",
      "configHash": "sha256:e1cf66f7ff7e541116e1cc87579fa8110a5ec26472e223ca4d92fe8740aae273",
      "outputHash": "sha256:e3749ee4ba50ae960d9ca516c4e1404a7a52d918eca9f971a6c596e86cd55ffa"
    },
    ".pi/skills/pi-tools-brainstorming/SKILL.md": {
      "templateId": "skills/brainstorming/SKILL.md.tmpl",
      "templateHash": "sha256:8b6f194cd8bb682f1c83b642832f00883b7ee23617610b2879e86ea173e013e1",
      "configHash": "sha256:9c30ecb23e284764f1936ce910a0dabeaa33868178214466ec65481f9911fd4f",
      "outputHash": "sha256:b664b1c6a347dc0f774e1eb230e5bbea1092d8fb409a47b85d864f8d7474a7bc"
    },
    ".pi/skills/pi-tools-bugfix/SKILL.md": {
      "templateId": "skills/bugfix/SKILL.md.tmpl",
      "templateHash": "sha256:96205f3162a7bdf83afd24d3a7be6fa2f0f2efdf0a2769f15d5a9f6088c55552",
      "configHash": "sha256:ff3dd82d1e2aba4ced245b7382661fa3314ecd1e0f3f5af7b9f8579f0fc757a5",
      "outputHash": "sha256:62f0a45383c72e586060f3e423d9c21bdba7768b66e7a5245fc1f4514e917831"
    },
    ".pi/skills/pi-tools-debugging/SKILL.md": {
      "templateId": "skills/debugging/SKILL.md.tmpl",
      "templateHash": "sha256:6cc64f34740683aafccaf4dea369919f48fde9ac096b9b8c55b6b7e8ecd39af7",
      "configHash": "sha256:ff3dd82d1e2aba4ced245b7382661fa3314ecd1e0f3f5af7b9f8579f0fc757a5",
      "outputHash": "sha256:e4b5d0793cd2390e9cdd4626f1d51c37f31120629e21f60603a7a0c8a68d2342"
    },
    ".pi/skills/pi-tools-effort-workflow/SKILL.md": {
      "templateId": "skills/effort-workflow/SKILL.md.tmpl",
      "templateHash": "sha256:577ff8bf030904908cd8de4dbdbadf8ee26876f8054c2e97fcd279f8e4a76159",
      "configHash": "sha256:9c30ecb23e284764f1936ce910a0dabeaa33868178214466ec65481f9911fd4f",
      "outputHash": "sha256:fada7d09244abf018efc680e2d5c74de6ad187605daf3713a8d24bec714a05d7"
    },
    ".pi/skills/pi-tools-executing-direct/SKILL.md": {
      "templateId": "skills/executing-direct/SKILL.md.tmpl",
      "templateHash": "sha256:0009939df4fe78fb85a732db0f9ce26f8d6098c4f8269e5c8902b73e6b0a5918",
      "configHash": "sha256:9c30ecb23e284764f1936ce910a0dabeaa33868178214466ec65481f9911fd4f",
      "outputHash": "sha256:5bba5d9efa6b97dcf5ff76bdff062d94350c23648982dd6989adbfc8f1ff2706"
    },
    ".pi/skills/pi-tools-executing-plans/SKILL.md": {
      "templateId": "skills/executing-plans/SKILL.md.tmpl",
      "templateHash": "sha256:d2a99d02dea42fc0e7ac4ff140898546092d573308422d8047cd80b1a2976173",
      "configHash": "sha256:329056a0767854d4b74620e683de318b248586d49ea6c689d140a7d103a1c0af",
      "outputHash": "sha256:c9408d7c13d8267d9f63b63715bb1c3b80bd7d182680aa147d4a7b6b36811483"
    },
    ".pi/skills/pi-tools-exploring/SKILL.md": {
      "templateId": "skills/exploring/SKILL.md.tmpl",
      "templateHash": "sha256:0b9a1a9534bf8e6dab702e418f8eefcd6b4873d05e429c25561065e0c224c07e",
      "configHash": "sha256:9c30ecb23e284764f1936ce910a0dabeaa33868178214466ec65481f9911fd4f",
      "outputHash": "sha256:219453e63390d9fc0f106fd71e1b5dea4925d2097e571e9b2dbada2cb8d8d51e"
    },
    ".pi/skills/pi-tools-grounding/SKILL.md": {
      "templateId": "skills/grounding/SKILL.md.tmpl",
      "templateHash": "sha256:528e26ddd6c050bcbf237a242edd9cfeafd4678967b42d2e1ab5b7159bbb50d4",
      "configHash": "sha256:9c30ecb23e284764f1936ce910a0dabeaa33868178214466ec65481f9911fd4f",
      "outputHash": "sha256:31b6a27e6bd217e32cbd98c127b815c9ec5d990f2445c6b75fe5856a555fc965"
    },
    ".pi/skills/pi-tools-orienting/SKILL.md": {
      "templateId": "skills/orienting/SKILL.md.tmpl",
      "templateHash": "sha256:7df326b397d2a471aa44e1c62a61b42399a003704f676a357be7ea2255dc4770",
      "configHash": "sha256:9c30ecb23e284764f1936ce910a0dabeaa33868178214466ec65481f9911fd4f",
      "outputHash": "sha256:7cd5f4681ca92523d23a07fa5aa5b02bd79c08c97ee1eab8495ee97f4f52a2d3"
    },
    ".pi/skills/pi-tools-proposing-adr/SKILL.md": {
      "templateId": "skills/proposing-adr/SKILL.md.tmpl",
      "templateHash": "sha256:ef4c193de5a326a6775ed303759bb86c0e317de70b17bf02040f6edb4a0c910b",
      "configHash": "sha256:82b269699eb1a77042cb581acf360e3d55c8c3590725dbbb265394725ed92956",
      "outputHash": "sha256:c78b1df645424388c7ce0ea47ef20f42b0b7e3d79aa3419489482533c056a040"
    },
    ".pi/skills/pi-tools-refactor-coupling-audit/SKILL.md": {
      "templateId": "skills/refactor-coupling-audit/SKILL.md.tmpl",
      "templateHash": "sha256:cb9d16c8a2845c6077454f6ab2b307cd7656b6f2ca34630f9dee62724daf018b",
      "configHash": "sha256:9c30ecb23e284764f1936ce910a0dabeaa33868178214466ec65481f9911fd4f",
      "outputHash": "sha256:ec7caca5573e1919f4772df26ff1be8fc165037fc8939165c52f977ecfcc3841"
    },
    ".pi/skills/pi-tools-retrospective/SKILL.md": {
      "templateId": "skills/retrospective/SKILL.md.tmpl",
      "templateHash": "sha256:8b74e4270cc5a7b36baa040e446a3d96ef00b6b3e47e0d7996934b3106003660",
      "configHash": "sha256:c14576f168187fe0333c3697800668ddbb70fcebe7ee9dfb21156e2d32ff173b",
      "outputHash": "sha256:7ef84b79ca4af3c8d84943ceb9244e7f06905e4c6fe6ad39a69d18847a6b461f"
    },
    ".pi/skills/pi-tools-reviewing-adr/SKILL.md": {
      "templateId": "skills/reviewing-adr/SKILL.md.tmpl",
      "templateHash": "sha256:ed4cf57ac94f75573fed49136af73bd9007097ff8f749f1500479f53545173e8",
      "configHash": "sha256:9c30ecb23e284764f1936ce910a0dabeaa33868178214466ec65481f9911fd4f",
      "outputHash": "sha256:8f3e5ddd0285454e0276e9cd7311fdcd5bdb379a2a886b0d47078109f5dbd5b2"
    },
    ".pi/skills/pi-tools-reviewing-impl/SKILL.md": {
      "templateId": "skills/reviewing-impl/SKILL.md.tmpl",
      "templateHash": "sha256:8541009d132ebbc7161ba04fee788f2d6fdffd357a47cfece9499d05c97beb3d",
      "configHash": "sha256:329056a0767854d4b74620e683de318b248586d49ea6c689d140a7d103a1c0af",
      "outputHash": "sha256:96bd1cd1ad617d4e3dec02ea6290ebe8808a52c6722daa7ceddd89c510555e10"
    },
    ".pi/skills/pi-tools-reviewing-plan/SKILL.md": {
      "templateId": "skills/reviewing-plan/SKILL.md.tmpl",
      "templateHash": "sha256:09741e83ff7a692fb730f647823abb7b35e2271013728bbff912a401085ee08f",
      "configHash": "sha256:9c30ecb23e284764f1936ce910a0dabeaa33868178214466ec65481f9911fd4f",
      "outputHash": "sha256:76e78af541d008eefbc7901c3340faf88c6f47ae261f07bfbea3a8710e69afad"
    },
    ".pi/skills/pi-tools-roadmap-graduation/SKILL.md": {
      "templateId": "skills/roadmap-graduation/SKILL.md.tmpl",
      "templateHash": "sha256:ada54f2247c2486c3d847830f1aa3c8b4c0099b6a04473a40a894fa731b69598",
      "configHash": "sha256:ee7c1523e2adf6c348451b6b999af935291cc7c1e6bffeff0e2d685385723f3c",
      "outputHash": "sha256:da2f4b806b0f6ea65685b4cd76abb00bbd503269f8ca2efe263fe7815e56383e"
    },
    ".pi/skills/pi-tools-subagent-driven-development/SKILL.md": {
      "templateId": "skills/subagent-driven-development/SKILL.md.tmpl",
      "templateHash": "sha256:3183c240473b64f5e43224da00f6884d3c542bf5aa05e1c758bb9330e7926894",
      "configHash": "sha256:329056a0767854d4b74620e683de318b248586d49ea6c689d140a7d103a1c0af",
      "outputHash": "sha256:3a2189e1f1c84045ef79a562ec65344ce3d9124ab380d53ebc1627f8bfa37d3e"
    },
    ".pi/skills/pi-tools-tdd/SKILL.md": {
      "templateId": "skills/tdd/SKILL.md.tmpl",
      "templateHash": "sha256:221ad74b3860a7bd020770d20ad9622383eb884a78cbe93963815abb0bb6109b",
      "configHash": "sha256:f575470d64b6c6d347fbaf45aacb9afe08a099596c5ae3e7833e1a665daeae9d",
      "outputHash": "sha256:445878bb012583b2faf2ff65c66621b54471b8902b6f447bd515b6f625ccba17"
    },
    ".pi/skills/pi-tools-using-awf/SKILL.md": {
      "templateId": "skills/using-awf/SKILL.md.tmpl",
      "templateHash": "sha256:32d2777b6593d7f5cb813884353af5b98137481db902e16e6968262cd4cd661a",
      "configHash": "sha256:9c30ecb23e284764f1936ce910a0dabeaa33868178214466ec65481f9911fd4f",
      "outputHash": "sha256:a9c8dac3a00e1b6be889bd796ce86211c328f4d251a950a5e86bc2e759998945"
    },
    ".pi/skills/pi-tools-using-effort/SKILL.md": {
      "templateId": "skills/using-effort/SKILL.md.tmpl",
      "templateHash": "sha256:ed53860f85516de6e593c19a38ebe6563c5e5557e7ef8a98d08501186edd7cb4",
      "configHash": "sha256:9c30ecb23e284764f1936ce910a0dabeaa33868178214466ec65481f9911fd4f",
      "outputHash": "sha256:4acccddc7eda370f0d59204caa56d719216e72402c8b1544ee099d1e96adb0a8"
    },
    ".pi/skills/pi-tools-writing-docs/SKILL.md": {
      "templateId": "skills/writing-docs/SKILL.md.tmpl",
      "templateHash": "sha256:2343511de5343a1bfe44d84791236c15f5f9ec7ad3526057afda2ea9ba3a050e",
      "configHash": "sha256:9c30ecb23e284764f1936ce910a0dabeaa33868178214466ec65481f9911fd4f",
      "outputHash": "sha256:b1c539adeed05823501d51a37445f3d8256fecf8b9530f5193169face7682038"
    },
    ".pi/skills/pi-tools-writing-plans/SKILL.md": {
      "templateId": "skills/writing-plans/SKILL.md.tmpl",
      "templateHash": "sha256:5bff30c982a55386f2e03596cfba927abff5bc17e8406458d73783dd584241c5",
      "configHash": "sha256:329056a0767854d4b74620e683de318b248586d49ea6c689d140a7d103a1c0af",
      "outputHash": "sha256:e5ed7b493923ab78611c0f9d4350ac8bfc04bca7a29db20ad50c4233e16a4c35"
    },
    "AGENTS.md": {
      "templateId": "agents-doc/AGENTS.md.tmpl",
      "templateHash": "sha256:bc45ee7fe92f01629fa6f53adb075651abcede2ffe4a57630250132b64fb0dc7",
      "configHash": "sha256:b98f2d7187eee94e2192d3b0c12c176fa96b463b0d06c7e3f3abaa596ff7b4e9",
      "outputHash": "sha256:8639763738f2364e4538f1d8aa0cf6a72989125e06f8cd61128b2fa692460828"
    },
    "CLAUDE.md": {
      "templateId": "claude/CLAUDE.md.tmpl",
      "templateHash": "sha256:336cc4fbf19beaada7ccf9986414fa91851a8d7a07dfb3ccbe800a69eed0ab49",
      "configHash": "sha256:17e593b7be2adb8a69661f091926ccf1537c5b15bccd1addb5a7738a78db5603",
      "outputHash": "sha256:3f96a2f828fe83e64fb464e0a5ad2bf0a343274bc01f9c7e8c6bbbfd519f497e"
    },
    "awf": {
      "templateId": "runner/awf.tmpl",
      "templateHash": "sha256:069fe8e30b33045c68cefcf283c96268b2e7818b31be08cf243c76c0c91e27ac",
      "configHash": "sha256:17e593b7be2adb8a69661f091926ccf1537c5b15bccd1addb5a7738a78db5603",
      "outputHash": "sha256:ce7766d508044c5dc8b31bd694f22f9ede73ceff69217687122b338ac5732e37"
    },
    "docs/agents-md-standard.md": {
      "templateId": "docs/agents-md-standard.md.tmpl",
      "templateHash": "sha256:42e5bad919ec49c2a50eee2c6c1f00aab033a16d4ba8eadedee89d96d62fa392",
      "configHash": "sha256:d3edef894690cf00a9d9db4cff69cce5da6b993a2c9639198f034bc3fe9c45a8",
      "outputHash": "sha256:143a1c7386e4d9e0ad2e0dcdea29a45c7ac4d514a92541d1ab6c00c584ba3a48"
    },
    "docs/architecture.md": {
      "templateId": "docs/architecture.md.tmpl",
      "templateHash": "sha256:a1d5d26b03573cc86862912fdc8f46ecf0d4b27455d18cc558b3621a76d0e1c9",
      "configHash": "sha256:760767313c970f440f91a1e5ec5d2bf43b1b615544cac515298b0680671e2052",
      "outputHash": "sha256:6ccd96c2a334c612b9bc141211ea072c1bea1f2336debd12403a313662ec5d55"
    },
    "docs/config-reference.md": {
      "templateId": "",
      "templateHash": "",
      "configHash": "sha256:619a4dec6900da1feb21570a9a316b719f4802bf7686ce13e6cd6114d391b3e6",
      "outputHash": "sha256:364bf79fdc04f8e92408850fd7b018d9419a290ee19b565b46832ddaaa8477dc",
      "regenChecked": true
    },
    "docs/debugging.md": {
      "templateId": "docs/debugging.md.tmpl",
      "templateHash": "sha256:e09a219c61c2ae22469f616db17ad3bcc028d4dd8434a19364be91ba26d53e17",
      "configHash": "sha256:0fe36f1b8aa874fd01a71dba893c08f6ce7187902202059fca3b1e494993c251",
      "outputHash": "sha256:4f8d3092af179e7e132288776f960e10948eae953acdecf88aba0fc969cd102a"
    },
    "docs/decisions/INDEX.md": {
      "templateId": "",
      "templateHash": "",
      "configHash": "sha256:619a4dec6900da1feb21570a9a316b719f4802bf7686ce13e6cd6114d391b3e6",
      "outputHash": "sha256:babfb354c654234c81f913cdc1b7f5d6b1b6272a5b833ff253ccc4e2065a8686",
      "regenChecked": true
    },
    "docs/decisions/README.md": {
      "templateId": "adr-readme/README.md.tmpl",
      "templateHash": "sha256:34a8a7d9b73c41b498783dcf006223a29d1a0e5ca6795f776dff47d6a6a0b7ce",
      "configHash": "sha256:4fd672b79a5a5601dfd383e04a2f055bb953fc010e824abff9a7227c986650c5",
      "outputHash": "sha256:76d7cfe66a008832c2d9d9e75602c83264f113b4081494320aa3964a33379b1e"
    },
    "docs/decisions/template.md": {
      "templateId": "adr-template/template.md.tmpl",
      "templateHash": "sha256:7705d3815b317c061eff03ae7d3bdacb89a245d1d18331d5f667558c437c83e8",
      "configHash": "sha256:84f0bed4eb4301fe7c584793b2a1a2dc07029b7010446428cf748387c244a136",
      "outputHash": "sha256:4480cea337b974b88d011e513598db5e5462dbef7d37d36c025b82214f2a02ab"
    },
    "docs/development.md": {
      "templateId": "docs/development.md.tmpl",
      "templateHash": "sha256:e99876e3d365ba66edef46749bfa80a81deb82810ccd660f00857e40bf26b108",
      "configHash": "sha256:7991528d411f60a63598b719f8136e0d2f9049940a239e12c6cf47bced734738",
      "outputHash": "sha256:ed1765161b40f6ff7473c5aec11c4c636218b4babb2e1d24c391d6f36fa3a0bb"
    },
    "docs/doc-standard.md": {
      "templateId": "docs/doc-standard.md.tmpl",
      "templateHash": "sha256:94498a7670e70239ca3a9937e837836e21324ab5c58163caa4ae7e45162277c5",
      "configHash": "sha256:b7e5c273421683e43bd2093ad1c980b44ce175b0eb45236baa5d6d1f5c31fce0",
      "outputHash": "sha256:f344fb0847454c106a62ddb81f19eb0da98667c02c10e0fdeb1f5e3ef0eaedc2"
    },
    "docs/domains/development.md": {
      "templateId": "",
      "templateHash": "",
      "configHash": "sha256:619a4dec6900da1feb21570a9a316b719f4802bf7686ce13e6cd6114d391b3e6",
      "outputHash": "sha256:feaa9201852ef1a9ff41fb8a70096d1bbefcd17341568eb1c9a3084a69e24085",
      "regenChecked": true
    },
    "docs/glossary.md": {
      "templateId": "docs/glossary.md.tmpl",
      "templateHash": "sha256:dc751686b557a6bde2147cb6be97788269a3c375bfa64f3eebf5c0e08dc0bb45",
      "configHash": "sha256:218c452769dd6b15ad78328b4d9364e09860abeb1434f63ab04ee4862b02e745",
      "outputHash": "sha256:2f0f309148f461b28f0ce5b4128c78d2d552287352d6a33ff06b6d2078e2d7e6"
    },
    "docs/maintainable-code-design.md": {
      "templateId": "docs/maintainable-code-design.md.tmpl",
      "templateHash": "sha256:4092908f439247eeddebc3963ce9be592db58ab00ae881b28911607beb5d4b67",
      "configHash": "sha256:2a1b5c368575d6a126611526294cc2f662c694520fd29df8b0d666a2f548265d",
      "outputHash": "sha256:35012b2d49b4e345aaab4d9fe989b500e4619de03ce309dedd4a2a23e545674f"
    },
    "docs/pitfalls.md": {
      "templateId": "docs/pitfalls.md.tmpl",
      "templateHash": "sha256:d6475aaeadbbed6f56bfc85c4716b8636fea0d5922661201890334a6429b4f85",
      "configHash": "sha256:ce3d20855f62dc85ac3ff91c670221b90700db0eaa3e8ee23ef712040a4c5d7b",
      "outputHash": "sha256:6eb933f15fa728eeba2588e737bc37be075832de9734ea744798e1d33b65736a"
    },
    "docs/pitfalls/managed-worktree-biome-exclusion.md": {
      "templateId": "pitfalls/entry.md.tmpl",
      "templateHash": "sha256:23ea7baa4f2cd0e3a7319448093f2612ca5a7beab8cb0bfc631015eef99be786",
      "configHash": "sha256:846acdb232a0fa574f8b44079a3885ba7699047973214088f3731949e30c7e54",
      "outputHash": "sha256:bd61093326d33e6909a8168da16b9b3d13e3e861989378d660918cedbd87b11d"
    },
    "docs/plans/README.md": {
      "templateId": "plans-readme/README.md.tmpl",
      "templateHash": "sha256:5d523a6dfa12ab0bc2fb511b6a1e80f540cf47203506572ce718453869e8c5e7",
      "configHash": "sha256:e3551ad878391af46ab47cbeef581b22e39e0c5c3a6b13d143c86ae808720188",
      "outputHash": "sha256:709160c90cc2c09d5857f79b047f691cecbc0fa876fd69810f40a3c82c5e123f"
    },
    "docs/plans/template.md": {
      "templateId": "plans-template/template.md.tmpl",
      "templateHash": "sha256:bf9e2cbd304f0f96418e5ae132646bd3d220d117f9ee5d32f96c1407e71e96e4",
      "configHash": "sha256:9215f92afa61895547459d259112454055c45f1e2bb46fc837d45555805bd0f7",
      "outputHash": "sha256:d460b686a53751fc1461790ee973f12942e3f3fcc680b073f551ababc8545e4e"
    },
    "docs/releasing.md": {
      "templateId": "docs/releasing.md.tmpl",
      "templateHash": "sha256:0683f8ceca62d4c5c91ce1058d1e2970f4336aced06b298b7ea3ef8cc328d78c",
      "configHash": "sha256:ac392c957a77bdf85590b9268babb42c8844f7640f867ceb2bd8eaf1f7f0c15c",
      "outputHash": "sha256:9e54f13bd01a5dc3199f47cfe03fe69b8c75a4665308ad68c52f19325199633e"
    },
    "docs/roadmap.md": {
      "templateId": "docs/roadmap.md.tmpl",
      "templateHash": "sha256:26c7896fbc808c909083ceedc048ea5706a9252d32642d031bd816d7ef1cd511",
      "configHash": "sha256:85e7907f1d73d1898b3e709ccdba70978ce8552f1884361edcc54b2be89b1f77",
      "outputHash": "sha256:4314061afeffa758cae99d53b9b640bcdcb831d12804f7523949666181ef26b8"
    },
    "docs/testing.md": {
      "templateId": "docs/testing.md.tmpl",
      "templateHash": "sha256:a57a68e1550ff6762ec8021fb14948cf40b221bc228459e70af8e8be4ea16c51",
      "configHash": "sha256:e465b98c7571b93064de1f92c532731d577baa5cadb176c5fcca537428e05f0c",
      "outputHash": "sha256:cd3227f5953f6cb3f7e2985a15bb0ea5a7a306668ea9e55569f145591a617eee"
    },
    "docs/topics/development/commit-provenance.md": {
      "templateId": "topics/topic.md.tmpl",
      "templateHash": "sha256:25b4ec23c7a22667f9d78b1e5883af8702d82f67896c3a42ac0ad19032d7c7bb",
      "configHash": "sha256:e4885ca909fbe943b2f78768e7253fcf38186f17fb2e8f47d14023051fae465a",
      "outputHash": "sha256:c6b880c4e918c8bf525de520e9400cd0a1c16f15782ac77f6508fcc06eca3b39"
    },
    "docs/topics/development/distribution-policy.md": {
      "templateId": "topics/topic.md.tmpl",
      "templateHash": "sha256:25b4ec23c7a22667f9d78b1e5883af8702d82f67896c3a42ac0ad19032d7c7bb",
      "configHash": "sha256:1305208a48fbc53421b8fc6a7822a65c5fc67195cd550ff8192ba854ae188a93",
      "outputHash": "sha256:d7aecf8ea51c25b282e7cc09cb5da8bf401ce860987ff1978ed2ffd69d878edb"
    },
    "docs/topics/development/extension-toolchain.md": {
      "templateId": "topics/topic.md.tmpl",
      "templateHash": "sha256:25b4ec23c7a22667f9d78b1e5883af8702d82f67896c3a42ac0ad19032d7c7bb",
      "configHash": "sha256:f5bab32b47bc8070174ee148ed7dd7aa9c5acdb2d3e90a34e78d45bc0d6a042c",
      "outputHash": "sha256:4935b4c4a73521ed18ac5fac4793d3741cbe1aa82d943c367e7ba61c7c9a7d66"
    },
    "docs/topics/development/index.md": {
      "templateId": "topics/index.md.tmpl",
      "templateHash": "sha256:58a9398b187ea9c7c2c3321299b70f8e6faf3f06778c44e6a2232224f3481ab1",
      "configHash": "sha256:564f26f9ed2082f9853c3444d3e6b3f9a99f1ab1d6278d911d818ef61b405c11",
      "outputHash": "sha256:c8d7a480b5b3c83bf92e08d15d80c7390330fee935e132ed3fa4f7db0b1c4c39"
    },
    "docs/topics/development/subagent-toolkit.md": {
      "templateId": "topics/topic.md.tmpl",
      "templateHash": "sha256:25b4ec23c7a22667f9d78b1e5883af8702d82f67896c3a42ac0ad19032d7c7bb",
      "configHash": "sha256:461424b2a3a39d7a13aa1e68c0a230cd4b3c7f06f57434abce25760d158ce7c2",
      "outputHash": "sha256:88081e35b2ad9343cd54365b9231b56e080b1fd2490ff2644faa49c283b33299"
    },
    "docs/workflow.md": {
      "templateId": "docs/workflow.md.tmpl",
      "templateHash": "sha256:d4b1ea85dad491f903df86c6c4ff20192f32a4399be656c410dd8fc726181f27",
      "configHash": "sha256:53a7b4e3f16906acc2a8ae4da4032f34ee092a8b9c1444977019b5437d6a8575",
      "outputHash": "sha256:b6c9ca5e048ff335616034e78c5ed00876bee22c2bba82fd9e2f097a697938e1"
    },
    "docs/working-with-awf.md": {
      "templateId": "docs/working-with-awf.md.tmpl",
      "templateHash": "sha256:00d72aa6ee5963867d1d6489120f24e6c06317ce2e409d860d49d79160ba7781",
      "configHash": "sha256:bfc744d25dbd0c50123264f835f61a06b99673aeca2b29c159a324b23a56755b",
      "outputHash": "sha256:e104aa1909c98e6c4d7c65149497d4e2123f43295c0392f65fb694ff3d67caed"
    }
  },
  "initializedWithVersion": "0.37.0"
}
